<?xml version="1.0" encoding="utf-8"?>
<Project ToolsVersion="4.0" xmlns="http://schemas.microsoft.com/developer/msbuild/2003">
  <ItemGroup>
    <Filter Include="Defines">
      <UniqueIdentifier>{984f4ce3-ae95-408e-8451-eac0e41bbf0f}</UniqueIdentifier>
    </Filter>
    <Filter Include="Main">
      <UniqueIdentifier>{ef5e09a9-ef92-4312-bd87-1b2604eba98b}</UniqueIdentifier>
    </Filter>
    <Filter Include="Solved">
      <UniqueIdentifier>{dd8413f5-60a7-40af-8aad-45544492ea79}</UniqueIdentifier>
    </Filter>
    <Filter Include="Solving">
      <UniqueIdentifier>{9ff094d1-ddfd-4c96-af57-e4a062cb97d5}</UniqueIdentifier>
    </Filter>
    <Filter Include="Later">
      <UniqueIdentifier>{187a09f9-1138-4131-a307-017c4fc4ec44}</UniqueIdentifier>
    </Filter>
  </ItemGroup>
  <ItemGroup>
    <ClCompile Include="pch.cpp">
      <Filter>Defines</Filter>
    </ClCompile>
    <ClCompile Include="CodingTest.cpp">
      <Filter>Main</Filter>
    </ClCompile>
    <ClCompile Include="Q\2231.cpp">
      <Filter>Solved</Filter>
    </ClCompile>
    <ClCompile Include="Q\4153.cpp">
      <Filter>Solved</Filter>
    </ClCompile>
    <ClCompile Include="Q\28702.cpp">
      <Filter>Solved</Filter>
    </ClCompile>
    <ClCompile Include="Q\30802.cpp">
      <Filter>Solved</Filter>
    </ClCompile>
    <ClCompile Include="Q\2798.cpp">
      <Filter>Solved</Filter>
    </ClCompile>
    <ClCompile Include="Q\1259.cpp">
      <Filter>Solved</Filter>
    </ClCompile>
    <ClCompile Include="Q\2609.cpp">
      <Filter>Solved</Filter>
    </ClCompile>
    <ClCompile Include="Q\1181.cpp">
      <Filter>Solved</Filter>
    </ClCompile>
    <ClCompile Include="Q\11050.cpp">
      <Filter>Solved</Filter>
    </ClCompile>
    <ClCompile Include="Q\15829.cpp">
      <Filter>Solved</Filter>
    </ClCompile>
    <ClCompile Include="Q\2775.cpp">
      <Filter>Solved</Filter>
    </ClCompile>
    <ClCompile Include="Q\1436.cpp">
      <Filter>Later</Filter>
    </ClCompile>
    <ClCompile Include="Q\1676.cpp">
      <Filter>Solving</Filter>
    </ClCompile>
    <ClCompile Include="Q\10989.cpp">
      <Filter>Solved</Filter>
    </ClCompile>
  </ItemGroup>
  <ItemGroup>
    <ClInclude Include="pch.h">
      <Filter>Defines</Filter>
    </ClInclude>
    <ClInclude Include="Define.h">
      <Filter>Defines</Filter>
    </ClInclude>
    <ClInclude Include="Q\2231.h">
      <Filter>Solved</Filter>
    </ClInclude>
    <ClInclude Include="Q\4153.h">
      <Filter>Solved</Filter>
    </ClInclude>
    <ClInclude Include="Q\28702.h">
      <Filter>Solved</Filter>
    </ClInclude>
    <ClInclude Include="Q\30802.h">
      <Filter>Solved</Filter>
    </ClInclude>
    <ClInclude Include="Q\2798.h">
      <Filter>Solved</Filter>
    </ClInclude>
    <ClInclude Include="Q\1259.h">
      <Filter>Solved</Filter>
    </ClInclude>
    <ClInclude Include="Q\2609.h">
      <Filter>Solved</Filter>
    </ClInclude>
    <ClInclude Include="Q\1181.h">
      <Filter>Solved</Filter>
    </ClInclude>
    <ClInclude Include="Q\11050.h">
      <Filter>Solved</Filter>
    </ClInclude>
    <ClInclude Include="Q\15829.h">
      <Filter>Solved</Filter>
    </ClInclude>
    <ClInclude Include="Q\2775.h">
      <Filter>Solved</Filter>
    </ClInclude>
    <ClInclude Include="Q\1436.h">
      <Filter>Later</Filter>
    </ClInclude>
    <ClInclude Include="Q\1676.h">
      <Filter>Solving</Filter>
    </ClInclude>
    <ClInclude Include="Q\10989.h">
      <Filter>Solved</Filter>
    </ClInclude>
  </ItemGroup>
  <ItemGroup>
    <Text Include="..\Data\Input.txt">
      <Filter>Main</Filter>
    </Text>
  </ItemGroup>
</Project>