<?xml version="1.0" encoding="utf-8"?>
<Project ToolsVersion="4.0" xmlns="http://schemas.microsoft.com/developer/msbuild/2003">
  <ItemGroup>
    <Filter Include="Defines">
      <UniqueIdentifier>{984f4ce3-ae95-408e-8451-eac0e41bbf0f}</UniqueIdentifier>
    </Filter>
    <Filter Include="Main">
      <UniqueIdentifier>{ef5e09a9-ef92-4312-bd87-1b2604eba98b}</UniqueIdentifier>
    </Filter>
    <Filter Include="Solved">
      <UniqueIdentifier>{dd8413f5-60a7-40af-8aad-45544492ea79}</UniqueIdentifier>
    </Filter>
    <Filter Include="Solving">
      <UniqueIdentifier>{9ff094d1-ddfd-4c96-af57-e4a062cb97d5}</UniqueIdentifier>
    </Filter>
    <Filter Include="Later">
      <UniqueIdentifier>{187a09f9-1138-4131-a307-017c4fc4ec44}</UniqueIdentifier>
    </Filter>
    <Filter Include="Main\MinHip">
      <UniqueIdentifier>{23b0bdd7-f0e7-4435-838a-57c2b3f9efca}</UniqueIdentifier>
    </Filter>
    <Filter Include="Solved\Bronze1">
      <UniqueIdentifier>{3fab0d48-4585-46ba-9ea6-374695547996}</UniqueIdentifier>
    </Filter>
    <Filter Include="Solved\Bronze2">
      <UniqueIdentifier>{d603cbc5-9165-4107-9fe9-c0b05f6aa0ff}</UniqueIdentifier>
    </Filter>
    <Filter Include="Solved\Bronze3">
      <UniqueIdentifier>{b6e27781-a803-441a-b8c1-608d19b91006}</UniqueIdentifier>
    </Filter>
    <Filter Include="Solved\Bronze4">
      <UniqueIdentifier>{aa79e080-b733-46bf-ae71-ac7e91f9b72a}</UniqueIdentifier>
    </Filter>
    <Filter Include="Solved\Bronze5">
      <UniqueIdentifier>{f2d6cd64-d4cb-4451-bacb-80bb269b6217}</UniqueIdentifier>
    </Filter>
    <Filter Include="Solved\Gold 5">
      <UniqueIdentifier>{799914ba-6058-4694-a811-7b4011ca9548}</UniqueIdentifier>
    </Filter>
    <Filter Include="Solved\Gold 4">
      <UniqueIdentifier>{98d66b80-f75c-40a5-9813-bebc408831d4}</UniqueIdentifier>
    </Filter>
    <Filter Include="Solved\--Competition">
      <UniqueIdentifier>{f9f55a2c-8866-43a7-b1d0-7df066c47f36}</UniqueIdentifier>
    </Filter>
    <Filter Include="Solved\Gold 3">
      <UniqueIdentifier>{fed7ce7b-cc1d-4997-89a1-3c0ac2fd9e7f}</UniqueIdentifier>
    </Filter>
    <Filter Include="Solved\Silver 1">
      <UniqueIdentifier>{00ff5efd-98c2-4d17-bb8a-1a6c2ef0e6b1}</UniqueIdentifier>
    </Filter>
    <Filter Include="Solved\Silver 2">
      <UniqueIdentifier>{18768965-5a07-43da-834d-a0c279edfe81}</UniqueIdentifier>
    </Filter>
    <Filter Include="Solved\Silver 3">
      <UniqueIdentifier>{2f64d8ec-54a7-4410-8c8c-a40d5c33520c}</UniqueIdentifier>
    </Filter>
    <Filter Include="Solved\Silver 4">
      <UniqueIdentifier>{7fd0ed82-08a5-443b-9ba8-b4e53c97dd13}</UniqueIdentifier>
    </Filter>
    <Filter Include="Solved\Silver 5">
      <UniqueIdentifier>{f20c51bf-a888-420a-88dd-10f718cea353}</UniqueIdentifier>
    </Filter>
    <Filter Include="Solved\Gold 2">
      <UniqueIdentifier>{7350d79c-7cad-4454-b912-8053afe78ac2}</UniqueIdentifier>
    </Filter>
  </ItemGroup>
  <ItemGroup>
    <ClCompile Include="pch.cpp">
      <Filter>Defines</Filter>
    </ClCompile>
    <ClCompile Include="CodingTest.cpp">
      <Filter>Main</Filter>
    </ClCompile>
    <ClCompile Include="Q\000000000.cpp">
      <Filter>Main</Filter>
    </ClCompile>
    <ClCompile Include="Obj\MinHip.cpp">
      <Filter>Main\MinHip</Filter>
    </ClCompile>
    <ClCompile Include="Q\15740 A + B - 9.cpp">
      <Filter>Later</Filter>
    </ClCompile>
    <ClCompile Include="Q\9506 약수들의 합.cpp">
      <Filter>Solved\Bronze1</Filter>
    </ClCompile>
    <ClCompile Include="Q\3154 알람시계.cpp">
      <Filter>Solved\Bronze1</Filter>
    </ClCompile>
    <ClCompile Include="Q\27512 스네이크.cpp">
      <Filter>Solved\Bronze2</Filter>
    </ClCompile>
    <ClCompile Include="Q\15096 Batter Up.cpp">
      <Filter>Solved\Bronze3</Filter>
    </ClCompile>
    <ClCompile Include="Q\30676 이 별은 무슨 색일까.cpp">
      <Filter>Solved\Bronze5</Filter>
    </ClCompile>
    <ClCompile Include="Q\28702 FizzBuzz.cpp">
      <Filter>Solved\Bronze1</Filter>
    </ClCompile>
    <ClCompile Include="Q\11050 이항 계수 1.cpp">
      <Filter>Solved\Bronze1</Filter>
    </ClCompile>
    <ClCompile Include="Q\10163 색종이.cpp">
      <Filter>Solved\Bronze1</Filter>
    </ClCompile>
    <ClCompile Include="Q\2775 부녀회장이 될 테야.cpp">
      <Filter>Solved\Bronze1</Filter>
    </ClCompile>
    <ClCompile Include="Q\2609 최대공약수와 최소공배수.cpp">
      <Filter>Solved\Bronze1</Filter>
    </ClCompile>
    <ClCompile Include="Q\1259 팰린드롬수.cpp">
      <Filter>Solved\Bronze1</Filter>
    </ClCompile>
    <ClCompile Include="Q\11723 집합.cpp">
      <Filter>Solved\Silver 5</Filter>
    </ClCompile>
    <ClCompile Include="Q\11651 좌표 정렬하기 2.cpp">
      <Filter>Solved\Silver 5</Filter>
    </ClCompile>
    <ClCompile Include="Q\11650 좌표 정렬하기.cpp">
      <Filter>Solved\Silver 5</Filter>
    </ClCompile>
    <ClCompile Include="Q\10814 나이순 정렬.cpp">
      <Filter>Solved\Silver 5</Filter>
    </ClCompile>
    <ClCompile Include="Q\7568 덩치.cpp">
      <Filter>Solved\Silver 5</Filter>
    </ClCompile>
    <ClCompile Include="Q\2751 수 정렬하기 2.cpp">
      <Filter>Solved\Silver 5</Filter>
    </ClCompile>
    <ClCompile Include="Q\1676 팩토리얼 0의 갯수.cpp">
      <Filter>Solved\Silver 5</Filter>
    </ClCompile>
    <ClCompile Include="Q\1436 영화감독 숌.cpp">
      <Filter>Solved\Silver 5</Filter>
    </ClCompile>
    <ClCompile Include="Q\1181 단어정렬.cpp">
      <Filter>Solved\Silver 5</Filter>
    </ClCompile>
    <ClCompile Include="Q\18110 solved.ac.cpp">
      <Filter>Solved\Silver 4</Filter>
    </ClCompile>
    <ClCompile Include="Q\13301 타일 장식물.cpp">
      <Filter>Solved\Silver 5</Filter>
    </ClCompile>
    <ClCompile Include="Q\15663N과 M%289%29.cpp">
      <Filter>Solved\Silver 2</Filter>
    </ClCompile>
    <ClCompile Include="Q\1003 피보나치 함수.cpp">
      <Filter>Solved\Silver 3</Filter>
    </ClCompile>
    <ClCompile Include="Q\1012 유기농 배추.cpp">
      <Filter>Solved\Silver 2</Filter>
    </ClCompile>
    <ClCompile Include="Q\1018 체스판 다시 칠하기.cpp">
      <Filter>Solved\Silver 4</Filter>
    </ClCompile>
    <ClCompile Include="Q\1074 Z.cpp">
      <Filter>Solved\Gold 5</Filter>
    </ClCompile>
    <ClCompile Include="Q\1260 DFS와 BFS.cpp">
      <Filter>Solved\Silver 2</Filter>
    </ClCompile>
    <ClCompile Include="Q\1389 케빈 베이컨의 6단계 법칙.cpp">
      <Filter>Solved\Silver 1</Filter>
    </ClCompile>
    <ClCompile Include="Q\1463 1로 만들기.cpp">
      <Filter>Solved\Silver 3</Filter>
    </ClCompile>
    <ClCompile Include="Q\1541 잃어버린 괄호.cpp">
      <Filter>Solved\Silver 2</Filter>
    </ClCompile>
    <ClCompile Include="Q\1620 나는야 포켓몬 마스터 이다솜.cpp">
      <Filter>Solved\Silver 4</Filter>
    </ClCompile>
    <ClCompile Include="Q\1654 랜선 자르기.cpp">
      <Filter>Solved\Silver 2</Filter>
    </ClCompile>
    <ClCompile Include="Q\1697 숨바꼭질.cpp">
      <Filter>Solved\Silver 1</Filter>
    </ClCompile>
    <ClCompile Include="Q\1764 듣보잡.cpp">
      <Filter>Solved\Silver 4</Filter>
    </ClCompile>
    <ClCompile Include="Q\1874 스택 수열.cpp">
      <Filter>Solved\Silver 2</Filter>
    </ClCompile>
    <ClCompile Include="Q\1920 수 찾기.cpp">
      <Filter>Solved\Silver 4</Filter>
    </ClCompile>
    <ClCompile Include="Q\1927 최소 힙.cpp">
      <Filter>Solved\Silver 2</Filter>
    </ClCompile>
    <ClCompile Include="Q\1929 소수 구하기.cpp">
      <Filter>Solved\Silver 3</Filter>
    </ClCompile>
    <ClCompile Include="Q\1931 회의실 배정.cpp">
      <Filter>Solved\Gold 5</Filter>
    </ClCompile>
    <ClCompile Include="Q\1966 프린터 큐.cpp">
      <Filter>Solved\Silver 3</Filter>
    </ClCompile>
    <ClCompile Include="Q\2108 통계학.cpp">
      <Filter>Solved\Silver 2</Filter>
    </ClCompile>
    <ClCompile Include="Q\2164 카드2.cpp">
      <Filter>Solved\Silver 4</Filter>
    </ClCompile>
    <ClCompile Include="Q\15666 N과 M%2812%29.cpp">
      <Filter>Solved\Silver 2</Filter>
    </ClCompile>
    <ClCompile Include="Q\16953 A-B.cpp">
      <Filter>Solved\Silver 2</Filter>
    </ClCompile>
    <ClCompile Include="Q\2178 미로 탐색.cpp">
      <Filter>Solved\Silver 1</Filter>
    </ClCompile>
    <ClCompile Include="Q\2231 분해합.cpp">
      <Filter>Solved\Bronze2</Filter>
    </ClCompile>
    <ClCompile Include="Q\2520 팬케이크 사랑.cpp">
      <Filter>Solved\Bronze2</Filter>
    </ClCompile>
    <ClCompile Include="Q\2579 계단 오르기.cpp">
      <Filter>Solved\Silver 3</Filter>
    </ClCompile>
    <ClCompile Include="Q\2606 바이러스.cpp">
      <Filter>Solved\Silver 3</Filter>
    </ClCompile>
    <ClCompile Include="Q\2630 색종이 만들기.cpp">
      <Filter>Solved\Silver 2</Filter>
    </ClCompile>
    <ClCompile Include="Q\2667 단지번호붙이기.cpp">
      <Filter>Solved\Silver 1</Filter>
    </ClCompile>
    <ClCompile Include="Q\2798 블랙잭.cpp">
      <Filter>Solved\Bronze2</Filter>
    </ClCompile>
    <ClCompile Include="Q\2805 나무 자르기.cpp">
      <Filter>Solved\Silver 2</Filter>
    </ClCompile>
    <ClCompile Include="Q\2839 설탐 배달.cpp">
      <Filter>Solved\Silver 4</Filter>
    </ClCompile>
    <ClCompile Include="Q\4153 직각삼각형.cpp">
      <Filter>Solved\Bronze3</Filter>
    </ClCompile>
    <ClCompile Include="Q\4949 균형잡힌 세상.cpp">
      <Filter>Solved\Silver 4</Filter>
    </ClCompile>
    <ClCompile Include="Q\5235 Even Sum More Than Odd Sum.cpp">
      <Filter>Solved\Bronze3</Filter>
    </ClCompile>
    <ClCompile Include="Q\5430 AC.cpp">
      <Filter>Solved\Gold 5</Filter>
    </ClCompile>
    <ClCompile Include="Q\5525 IOIOI.cpp">
      <Filter>Solved\Silver 1</Filter>
    </ClCompile>
    <ClCompile Include="Q\6064 카잉 달력.cpp">
      <Filter>Solved\Silver 1</Filter>
    </ClCompile>
    <ClCompile Include="Q\7569 토마토.cpp">
      <Filter>Solved\Gold 5</Filter>
    </ClCompile>
    <ClCompile Include="Q\7576 토마토.cpp">
      <Filter>Solved\Gold 5</Filter>
    </ClCompile>
    <ClCompile Include="Q\7662 이중 우선순위 큐.cpp">
      <Filter>Solved\Gold 4</Filter>
    </ClCompile>
    <ClCompile Include="Q\9012 괄호.cpp">
      <Filter>Solved\Silver 4</Filter>
    </ClCompile>
    <ClCompile Include="Q\9019 DSLR.cpp">
      <Filter>Solved\Gold 4</Filter>
    </ClCompile>
    <ClCompile Include="Q\9095 1, 2, 3 더하기.cpp">
      <Filter>Solved\Silver 3</Filter>
    </ClCompile>
    <ClCompile Include="Q\9375 패션왕 신해빈.cpp">
      <Filter>Solved\Silver 3</Filter>
    </ClCompile>
    <ClCompile Include="Q\9461 파도반 수열.cpp">
      <Filter>Solved\Silver 3</Filter>
    </ClCompile>
    <ClCompile Include="Q\10026 적록색약.cpp">
      <Filter>Solved\Gold 5</Filter>
    </ClCompile>
    <ClCompile Include="Q\10156 과자.cpp">
      <Filter>Solved\Bronze4</Filter>
    </ClCompile>
    <ClCompile Include="Q\10773 제로.cpp">
      <Filter>Solved\Silver 4</Filter>
    </ClCompile>
    <ClCompile Include="Q\10816 숫자 카드 2.cpp">
      <Filter>Solved\Silver 4</Filter>
    </ClCompile>
    <ClCompile Include="Q\10828 스택.cpp">
      <Filter>Solved\Silver 4</Filter>
    </ClCompile>
    <ClCompile Include="Q\10845 큐.cpp">
      <Filter>Solved\Silver 4</Filter>
    </ClCompile>
    <ClCompile Include="Q\10989 수 정렬하기 3.cpp">
      <Filter>Solved\Bronze1</Filter>
    </ClCompile>
    <ClCompile Include="Q\11047 동전 0.cpp">
      <Filter>Solved\Silver 4</Filter>
    </ClCompile>
    <ClCompile Include="Q\11053 가장 긴 증가하는 부분 수열.cpp">
      <Filter>Solved\Silver 2</Filter>
    </ClCompile>
    <ClCompile Include="Q\11279 최대 힙.cpp">
      <Filter>Solved\Silver 2</Filter>
    </ClCompile>
    <ClCompile Include="Q\11286 절댓값 힙.cpp">
      <Filter>Solved\Silver 1</Filter>
    </ClCompile>
    <ClCompile Include="Q\11399 ATM.cpp">
      <Filter>Solved\Silver 4</Filter>
    </ClCompile>
    <ClCompile Include="Q\11403 경로 찾기.cpp">
      <Filter>Solved\Silver 1</Filter>
    </ClCompile>
    <ClCompile Include="Q\11659 구간 합 구하기 4.cpp">
      <Filter>Solved\Silver 3</Filter>
    </ClCompile>
    <ClCompile Include="Q\11724 연결 요소의 개수.cpp">
      <Filter>Solved\Silver 2</Filter>
    </ClCompile>
    <ClCompile Include="Q\11725 트리의 부모 찾기.cpp">
      <Filter>Solved\Silver 2</Filter>
    </ClCompile>
    <ClCompile Include="Q\11726 2 X n 타일링.cpp">
      <Filter>Solved\Silver 3</Filter>
    </ClCompile>
    <ClCompile Include="Q\11727 2 X n 타일링 2.cpp">
      <Filter>Solved\Silver 3</Filter>
    </ClCompile>
    <ClCompile Include="Q\11866 요세푸스 문제 0.cpp">
      <Filter>Solved\Silver 4</Filter>
    </ClCompile>
    <ClCompile Include="Q\14500 테트로미노.cpp">
      <Filter>Solved\Gold 4</Filter>
    </ClCompile>
    <ClCompile Include="Q\14940 쉬운 최단거리.cpp">
      <Filter>Solved\Silver 1</Filter>
    </ClCompile>
    <ClCompile Include="Q\15650 N과 M %282%29.cpp">
      <Filter>Solved\Silver 3</Filter>
    </ClCompile>
    <ClCompile Include="Q\15652 N과 M %284%29.cpp">
      <Filter>Solved\Silver 3</Filter>
    </ClCompile>
    <ClCompile Include="Q\15654 N과 M%285%29.cpp">
      <Filter>Solved\Silver 3</Filter>
    </ClCompile>
    <ClCompile Include="Q\15829 Hashing.cpp">
      <Filter>Solved\Bronze2</Filter>
    </ClCompile>
    <ClCompile Include="Q\16928 뱀과 사다리 게임.cpp">
      <Filter>Solved\Gold 5</Filter>
    </ClCompile>
    <ClCompile Include="Q\17219 비밀번호 찾기.cpp">
      <Filter>Solved\Silver 4</Filter>
    </ClCompile>
    <ClCompile Include="Q\17626 four Squares.cpp">
      <Filter>Solved\Silver 3</Filter>
    </ClCompile>
    <ClCompile Include="Q\18111 마인크래프트.cpp">
      <Filter>Solved\Silver 2</Filter>
    </ClCompile>
    <ClCompile Include="Q\18870 좌표 압축.cpp">
      <Filter>Solved\Silver 2</Filter>
    </ClCompile>
    <ClCompile Include="Q\21736 헌내기는 친구가 필요해.cpp">
      <Filter>Solved\Silver 2</Filter>
    </ClCompile>
    <ClCompile Include="Q\30156 Malvika is peculiar about color of balloons.cpp">
      <Filter>Solved\Bronze4</Filter>
    </ClCompile>
    <ClCompile Include="Q\30802 웰컴 키트.cpp">
      <Filter>Solved\Bronze3</Filter>
    </ClCompile>
    <ClCompile Include="Q\30804 과일 탕후루.cpp">
      <Filter>Solved\Silver 2</Filter>
    </ClCompile>
    <ClCompile Include="Q\31450 Everyone is a winner.cpp">
      <Filter>Solved\Bronze5</Filter>
    </ClCompile>
    <ClCompile Include="Q\1149 RGB 거리.cpp">
      <Filter>Solved\Silver 1</Filter>
    </ClCompile>
    <ClCompile Include="Q\25206 너의 평점은.cpp">
      <Filter>Solved\Silver 5</Filter>
    </ClCompile>
    <ClCompile Include="Q\1629 곱셈.cpp">
      <Filter>Solved\Silver 1</Filter>
    </ClCompile>
    <ClCompile Include="Q\1932 정수 삼각형.cpp">
      <Filter>Solved\Silver 1</Filter>
    </ClCompile>
    <ClCompile Include="Q\1991 트리 순회.cpp">
      <Filter>Solved\Silver 1</Filter>
    </ClCompile>
    <ClCompile Include="Q\9465 스티커.cpp">
      <Filter>Solved\Silver 1</Filter>
    </ClCompile>
    <ClCompile Include="Q\11660 구간 합 구하기 5.cpp">
      <Filter>Solved\Silver 1</Filter>
    </ClCompile>
    <ClCompile Include="Q\1916 최소비용 구하기.cpp">
      <Filter>Solved\Gold 5</Filter>
    </ClCompile>
    <ClCompile Include="Q\2096 내려가기.cpp">
      <Filter>Solved\Gold 5</Filter>
    </ClCompile>
    <ClCompile Include="Q\12865 평범한 배낭.cpp">
      <Filter>Solved\Gold 5</Filter>
    </ClCompile>
    <ClCompile Include="Q\9251 LCS.cpp">
      <Filter>Solved\Gold 5</Filter>
    </ClCompile>
    <ClCompile Include="Q\13549 숨바꼭질 3.cpp">
      <Filter>Solved\Gold 5</Filter>
    </ClCompile>
    <ClCompile Include="Q\15686 치킨 배달.cpp">
      <Filter>Solved\Gold 5</Filter>
    </ClCompile>
    <ClCompile Include="Q\17070 파이프 옮기기.cpp">
      <Filter>Solved\Gold 5</Filter>
    </ClCompile>
    <ClCompile Include="Q\1043 거짓말.cpp">
      <Filter>Solved\Gold 4</Filter>
    </ClCompile>
    <ClCompile Include="Q\1504 특정한 최단 경로.cpp">
      <Filter>Solved\Gold 4</Filter>
    </ClCompile>
    <ClCompile Include="Q\1753 최단경로.cpp">
      <Filter>Solved\Gold 4</Filter>
    </ClCompile>
    <ClCompile Include="Q\1967 트리의 지름.cpp">
      <Filter>Solved\Gold 4</Filter>
    </ClCompile>
    <ClCompile Include="Q\1987 알파벳.cpp">
      <Filter>Solved\Gold 4</Filter>
    </ClCompile>
    <ClCompile Include="Q\5639 이진 탐색 트리.cpp">
      <Filter>Solved\Gold 4</Filter>
    </ClCompile>
    <ClCompile Include="Q\9663 N-Queen.cpp">
      <Filter>Solved\Gold 4</Filter>
    </ClCompile>
    <ClCompile Include="Q\9935 문자열 폭발.cpp">
      <Filter>Solved\Gold 4</Filter>
    </ClCompile>
    <ClCompile Include="Q\33632 2교시_체육.cpp">
      <Filter>Later</Filter>
    </ClCompile>
    <ClCompile Include="Q\33663 루미의 진정한 보라색 찾기.cpp">
      <Filter>Later</Filter>
    </ClCompile>
    <ClCompile Include="Q\17362 수학은 체육과목 입니다 2.cpp">
      <Filter>Solved\Bronze4</Filter>
    </ClCompile>
    <ClCompile Include="Q\2448 별 찍기.cpp">
      <Filter>Solved\Gold 4</Filter>
    </ClCompile>
    <ClCompile Include="Q\16497 대출 요청.cpp">
      <Filter>Solved\Bronze2</Filter>
    </ClCompile>
    <ClCompile Include="Q\10840 행렬 제곱.cpp">
      <Filter>Solved\Gold 4</Filter>
    </ClCompile>
    <ClCompile Include="Q\1333 부재중 전화.cpp">
      <Filter>Solved\Bronze1</Filter>
    </ClCompile>
    <ClCompile Include="Q\B 주사위 피라미드.cpp">
      <Filter>Solved\--Competition</Filter>
    </ClCompile>
    <ClCompile Include="Q\11054 가장 긴 바이토닉 부분 수열.cpp">
      <Filter>Solved\Gold 4</Filter>
    </ClCompile>
    <ClCompile Include="Q\11404 플로이드.cpp">
      <Filter>Solved\Gold 4</Filter>
    </ClCompile>
    <ClCompile Include="Q\12851 숨바꼭질 2.cpp">
      <Filter>Solved\Gold 4</Filter>
    </ClCompile>
    <ClCompile Include="Q\14502 연구소.cpp">
      <Filter>Solved\Gold 4</Filter>
    </ClCompile>
    <ClCompile Include="Q\13172 Σ.cpp">
      <Filter>Solved\Gold 4</Filter>
    </ClCompile>
    <ClCompile Include="Q\14938 서강그라운드.cpp">
      <Filter>Solved\Gold 4</Filter>
    </ClCompile>
    <ClCompile Include="Q\17144 미세먼지 안녕!.cpp">
      <Filter>Solved\Gold 4</Filter>
    </ClCompile>
    <ClCompile Include="Q\30805 사전 순 최대 공통 부분 수열.cpp">
      <Filter>Solved\Gold 4</Filter>
    </ClCompile>
    <ClCompile Include="Q\1238 파티.cpp">
      <Filter>Solved\Gold 3</Filter>
    </ClCompile>
    <ClCompile Include="Q\1865 웜홀%28플로이드%29.cpp">
      <Filter>Solved\Gold 3</Filter>
    </ClCompile>
    <ClCompile Include="Q\1865 웜홀%28벨만포드%29.cpp">
      <Filter>Solved\Gold 3</Filter>
    </ClCompile>
    <ClCompile Include="Q\2206 벽 부수고 이동하기.cpp">
      <Filter>Solved\Gold 3</Filter>
    </ClCompile>
    <ClCompile Include="Q\2638 치즈.cpp">
      <Filter>Solved\Gold 3</Filter>
    </ClCompile>
    <ClCompile Include="Q\11779 최소비용 구하기.cpp">
      <Filter>Solved\Gold 3</Filter>
    </ClCompile>
    <ClCompile Include="Q\16236 아기 상어.cpp">
      <Filter>Solved\Gold 3</Filter>
    </ClCompile>
    <ClCompile Include="Q\1167 트리의 지름.cpp">
      <Filter>Solved\Gold 2</Filter>
    </ClCompile>
    <ClCompile Include="Q\1918 후위 표기식.cpp">
      <Filter>Solved\Gold 2</Filter>
    </ClCompile>
    <ClCompile Include="Q\11444 피보나치 수.cpp">
      <Filter>Solved\Gold 2</Filter>
    </ClCompile>
    <ClCompile Include="Q\2166 다각형의 면적.cpp">
      <Filter>Solved\Gold 5</Filter>
    </ClCompile>
    <ClCompile Include="Q\2467 용액.cpp">
      <Filter>Solved\Gold 5</Filter>
    </ClCompile>
    <ClCompile Include="Q\15681 트리와 쿼리.cpp">
      <Filter>Solved\Gold 5</Filter>
    </ClCompile>
    <ClCompile Include="Q\1106 호텔.cpp">
      <Filter>Solved\Gold 4</Filter>
    </ClCompile>
    <ClCompile Include="Q\1197 최소 스패닝 트리.cpp">
      <Filter>Solved\Gold 4</Filter>
    </ClCompile>
    <ClCompile Include="Q\1647 도시 분할 계획.cpp">
      <Filter>Solved\Gold 4</Filter>
    </ClCompile>
    <ClCompile Include="Q\14626 ISBN.cpp">
      <Filter>Solved\Bronze1</Filter>
    </ClCompile>
    <ClCompile Include="Q\1806 부분합.cpp">
      <Filter>Solved\Gold 4</Filter>
    </ClCompile>
    <ClCompile Include="Q\33664 현실적인 생일 축하 방안.cpp">
      <Filter>Later</Filter>
    </ClCompile>
    <ClCompile Include="Q\2239 스도쿠.cpp">
      <Filter>Solved\Gold 4</Filter>
    </ClCompile>
    <ClCompile Include="Q\9252 LCS 2.cpp">
      <Filter>Solved\Gold 4</Filter>
    </ClCompile>
    <ClCompile Include="Q\10942 팰린드롬!.cpp">
      <Filter>Solved\Gold 4</Filter>
    </ClCompile>
    <ClCompile Include="Q\17404 RGB 거리 2.cpp">
      <Filter>Solved\Gold 4</Filter>
    </ClCompile>
    <ClCompile Include="Q\1644 소수의 연속합.cpp">
      <Filter>Solving</Filter>
    </ClCompile>
    <ClCompile Include="Q\000000000 - 복사본 (4).cpp">
      <Filter>Solving</Filter>
    </ClCompile>
    <ClCompile Include="Q\000000000 - 복사본 (5).cpp">
      <Filter>Solving</Filter>
    </ClCompile>
    <ClCompile Include="Q\000000000 - 복사본 (6).cpp">
      <Filter>Solving</Filter>
    </ClCompile>
    <ClCompile Include="Q\20040 사이클 게임.cpp">
      <Filter>Solved\Gold 4</Filter>
    </ClCompile>
    <ClCompile Include="Q\27172 수 나누기 게임.cpp">
      <Filter>Solved\Gold 4</Filter>
    </ClCompile>
    <ClCompile Include="Q\1005 ACM Craft.cpp">
      <Filter>Solved\Gold 3</Filter>
    </ClCompile>
  </ItemGroup>
  <ItemGroup>
    <ClInclude Include="pch.h">
      <Filter>Defines</Filter>
    </ClInclude>
    <ClInclude Include="Define.h">
      <Filter>Defines</Filter>
    </ClInclude>
    <ClInclude Include="Q\Header.h">
      <Filter>Main</Filter>
    </ClInclude>
    <ClInclude Include="Obj\MinHip.h">
      <Filter>Main\MinHip</Filter>
    </ClInclude>
  </ItemGroup>
  <ItemGroup>
    <Text Include="..\Data\Input.txt">
      <Filter>Main</Filter>
    </Text>
  </ItemGroup>
</Project>